
Microsoft Visual Studio Solution File, Format Version 12.00
# Visual Studio Version 17
VisualStudioVersion = 17.7.34202.233
MinimumVisualStudioVersion = 10.0.40219.1
Project("{FAE04EC0-301F-11D3-BF4B-00C04F79EFBC}") = "TestCaptainEnroll", "TestCaptainEnroll.csproj", "{C7AFB228-D15C-4D3A-80B9-381CCF7E7508}"
EndProject
Global
	GlobalSection(SolutionConfigurationPlatforms) = preSolution
		Debug|Any CPU = Debug|Any CPU
		Release|Any CPU = Release|Any CPU
	EndGlobalSection
	GlobalSection(ProjectConfigurationPlatforms) = postSolution
		{C7AFB228-D15C-4D3A-80B9-381CCF7E7508}.Debug|Any CPU.ActiveCfg = Debug|Any CPU
		{C7AFB228-D15C-4D3A-80B9-381CCF7E7508}.Debug|Any CPU.Build.0 = Debug|Any CPU
		{C7AFB228-D15C-4D3A-80B9-381CCF7E7508}.Release|Any CPU.ActiveCfg = Release|Any CPU
		{C7AFB228-D15C-4D3A-80B9-381CCF7E7508}.Release|Any CPU.Build.0 = Release|Any CPU
	EndGlobalSection
	GlobalSection(SolutionProperties) = preSolution
		HideSolutionNode = FALSE
	EndGlobalSection
	GlobalSection(ExtensibilityGlobals) = postSolution
		SolutionGuid = {DE848CE2-DA2C-4E53-86CD-8E1014568F36}
	EndGlobalSection
EndGlobal
